// !$*UTF8*$!
{
	archiveVersion = 1;
	classes = {
	};
	objectVersion = 56;
	objects = {

/* Begin PBXBuildFile section */
		601263692B37391600467027 /* CategoriesCollectionViewDataSource.swift in Sources */ = {isa = PBXBuildFile; fileRef = 601263682B37391600467027 /* CategoriesCollectionViewDataSource.swift */; };
		6012636B2B373A0C00467027 /* CategoryCellView.swift in Sources */ = {isa = PBXBuildFile; fileRef = 6012636A2B373A0C00467027 /* CategoryCellView.swift */; };
		601C1F632B37036E0088D2C2 /* MovieTableViewCell.swift in Sources */ = {isa = PBXBuildFile; fileRef = 601C1F622B37036D0088D2C2 /* MovieTableViewCell.swift */; };
		605656AC2B35C48B00FA1FED /* AppDelegate.swift in Sources */ = {isa = PBXBuildFile; fileRef = 605656AB2B35C48B00FA1FED /* AppDelegate.swift */; };
		605656AE2B35C48B00FA1FED /* SceneDelegate.swift in Sources */ = {isa = PBXBuildFile; fileRef = 605656AD2B35C48B00FA1FED /* SceneDelegate.swift */; };
		605656B52B35C48E00FA1FED /* Assets.xcassets in Resources */ = {isa = PBXBuildFile; fileRef = 605656B42B35C48E00FA1FED /* Assets.xcassets */; };
		605656B82B35C48E00FA1FED /* LaunchScreen.storyboard in Resources */ = {isa = PBXBuildFile; fileRef = 605656B62B35C48E00FA1FED /* LaunchScreen.storyboard */; };
		605656DC2B35D6E400FA1FED /* Coordinator.swift in Sources */ = {isa = PBXBuildFile; fileRef = 605656DB2B35D6E400FA1FED /* Coordinator.swift */; };
		605656DE2B35D80700FA1FED /* MainCoordinator.swift in Sources */ = {isa = PBXBuildFile; fileRef = 605656DD2B35D80700FA1FED /* MainCoordinator.swift */; };
		605656E22B35DAD900FA1FED /* MovieListViewController.swift in Sources */ = {isa = PBXBuildFile; fileRef = 605656E12B35DAD900FA1FED /* MovieListViewController.swift */; };
		605656E52B35DD4300FA1FED /* MovieDetailViewController.swift in Sources */ = {isa = PBXBuildFile; fileRef = 605656E42B35DD4300FA1FED /* MovieDetailViewController.swift */; };
		605656EA2B35ECD600FA1FED /* NetworkManager.m in Sources */ = {isa = PBXBuildFile; fileRef = 605656E92B35ECD600FA1FED /* NetworkManager.m */; };
		605656EC2B35EF3A00FA1FED /* MovieListPresenter.swift in Sources */ = {isa = PBXBuildFile; fileRef = 605656EB2B35EF3A00FA1FED /* MovieListPresenter.swift */; };
		605656EE2B35EF7D00FA1FED /* MovieDetailPresenter.swift in Sources */ = {isa = PBXBuildFile; fileRef = 605656ED2B35EF7D00FA1FED /* MovieDetailPresenter.swift */; };
		605656F02B35F25B00FA1FED /* Presenter.swift in Sources */ = {isa = PBXBuildFile; fileRef = 605656EF2B35F25B00FA1FED /* Presenter.swift */; };
		605656F22B36009900FA1FED /* MovieListNetworkManager.swift in Sources */ = {isa = PBXBuildFile; fileRef = 605656F12B36009900FA1FED /* MovieListNetworkManager.swift */; };
		605656F52B36082200FA1FED /* Movie.swift in Sources */ = {isa = PBXBuildFile; fileRef = 605656F42B36082200FA1FED /* Movie.swift */; };
		605656F72B36489100FA1FED /* MovieList.swift in Sources */ = {isa = PBXBuildFile; fileRef = 605656F62B36489000FA1FED /* MovieList.swift */; };
		605656F92B3665B400FA1FED /* MovieListView.swift in Sources */ = {isa = PBXBuildFile; fileRef = 605656F82B3665B400FA1FED /* MovieListView.swift */; };
		605656FB2B366E2B00FA1FED /* MovieListTableViewDelegate.swift in Sources */ = {isa = PBXBuildFile; fileRef = 605656FA2B366E2B00FA1FED /* MovieListTableViewDelegate.swift */; };
		605656FD2B366E9C00FA1FED /* MovieListTableViewDataSource.swift in Sources */ = {isa = PBXBuildFile; fileRef = 605656FC2B366E9C00FA1FED /* MovieListTableViewDataSource.swift */; };
		605656FF2B36FD8800FA1FED /* DispatchQueue+Extensions.swift in Sources */ = {isa = PBXBuildFile; fileRef = 605656FE2B36FD8800FA1FED /* DispatchQueue+Extensions.swift */; };
		60F902312B3744E200DE58C7 /* Genre.swift in Sources */ = {isa = PBXBuildFile; fileRef = 60F902302B3744E200DE58C7 /* Genre.swift */; };
		60F902332B37454400DE58C7 /* GenreList.swift in Sources */ = {isa = PBXBuildFile; fileRef = 60F902322B37454400DE58C7 /* GenreList.swift */; };
		7E016B762B39D15B00AF5875 /* AuthorDetail.swift in Sources */ = {isa = PBXBuildFile; fileRef = 7E016B752B39D15B00AF5875 /* AuthorDetail.swift */; };
		7E016B782B39D1CE00AF5875 /* Review.swift in Sources */ = {isa = PBXBuildFile; fileRef = 7E016B772B39D1CE00AF5875 /* Review.swift */; };
		7E016B7A2B39D27500AF5875 /* ReviewList.swift in Sources */ = {isa = PBXBuildFile; fileRef = 7E016B792B39D27500AF5875 /* ReviewList.swift */; };
		7E016B7C2B39D9C700AF5875 /* ReviewsTableViewDataSource.swift in Sources */ = {isa = PBXBuildFile; fileRef = 7E016B7B2B39D9C700AF5875 /* ReviewsTableViewDataSource.swift */; };
		7E016B7E2B39DA4300AF5875 /* ReviewTableViewCell.swift in Sources */ = {isa = PBXBuildFile; fileRef = 7E016B7D2B39DA4300AF5875 /* ReviewTableViewCell.swift */; };
		7E405A132B3A2CA600433E16 /* AuthorDetail_Mock.json in Resources */ = {isa = PBXBuildFile; fileRef = 7E405A122B3A2CA600433E16 /* AuthorDetail_Mock.json */; };
		7E405A152B3A2CE400433E16 /* AuthorDetailTests.swift in Sources */ = {isa = PBXBuildFile; fileRef = 7E405A142B3A2CE400433E16 /* AuthorDetailTests.swift */; };
		7E405A172B3A2DC400433E16 /* Utils.swift in Sources */ = {isa = PBXBuildFile; fileRef = 7E405A162B3A2DC400433E16 /* Utils.swift */; };
		7E405A1B2B3A324C00433E16 /* Genre_Mock.json in Resources */ = {isa = PBXBuildFile; fileRef = 7E405A1A2B3A324C00433E16 /* Genre_Mock.json */; };
		7E405A1D2B3A32A400433E16 /* GenreTests.swift in Sources */ = {isa = PBXBuildFile; fileRef = 7E405A1C2B3A32A400433E16 /* GenreTests.swift */; };
		7E405A1F2B3A33DA00433E16 /* GenreList_Mock.json in Resources */ = {isa = PBXBuildFile; fileRef = 7E405A1E2B3A33DA00433E16 /* GenreList_Mock.json */; };
		7E405A222B3A348200433E16 /* GenreListTests.swift in Sources */ = {isa = PBXBuildFile; fileRef = 7E405A212B3A348200433E16 /* GenreListTests.swift */; };
		7E405A262B3A357000433E16 /* MovieTests.swift in Sources */ = {isa = PBXBuildFile; fileRef = 7E405A252B3A357000433E16 /* MovieTests.swift */; };
		7E405A282B3A371400433E16 /* Movie_Mock.json in Resources */ = {isa = PBXBuildFile; fileRef = 7E405A272B3A371400433E16 /* Movie_Mock.json */; };
		7E405A2A2B3A390200433E16 /* MovieList_Mock.json in Resources */ = {isa = PBXBuildFile; fileRef = 7E405A292B3A390200433E16 /* MovieList_Mock.json */; };
		7E405A2C2B3A393000433E16 /* MovieListTests.swift in Sources */ = {isa = PBXBuildFile; fileRef = 7E405A2B2B3A393000433E16 /* MovieListTests.swift */; };
		7E405A302B3A3B0100433E16 /* UIView+Extensions.swift in Sources */ = {isa = PBXBuildFile; fileRef = 7E405A2F2B3A3B0100433E16 /* UIView+Extensions.swift */; };
		7E63D11A2B380FDE00351AB1 /* MovieDetailCategoriesCollectionViewDelegate.swift in Sources */ = {isa = PBXBuildFile; fileRef = 7E63D1192B380FDE00351AB1 /* MovieDetailCategoriesCollectionViewDelegate.swift */; };
		7E63D11C2B380FFA00351AB1 /* MovieDetailCategoriesCollectionViewDataSource.swift in Sources */ = {isa = PBXBuildFile; fileRef = 7E63D11B2B380FFA00351AB1 /* MovieDetailCategoriesCollectionViewDataSource.swift */; };
		7E63D11E2B38108D00351AB1 /* CategoriesCollectionViewDelegate.swift in Sources */ = {isa = PBXBuildFile; fileRef = 7E63D11D2B38108D00351AB1 /* CategoriesCollectionViewDelegate.swift */; };
		7E82F7952B37E686003D9155 /* WatchListPresenter.swift in Sources */ = {isa = PBXBuildFile; fileRef = 7E82F7942B37E686003D9155 /* WatchListPresenter.swift */; };
		7E82F7972B37E6B0003D9155 /* WatchListViewController.swift in Sources */ = {isa = PBXBuildFile; fileRef = 7E82F7962B37E6B0003D9155 /* WatchListViewController.swift */; };
		7E82F7992B37E781003D9155 /* WatchListView.swift in Sources */ = {isa = PBXBuildFile; fileRef = 7E82F7982B37E781003D9155 /* WatchListView.swift */; };
		7E8C36252B37F3F100313F79 /* WatchList.swift in Sources */ = {isa = PBXBuildFile; fileRef = 7E8C36242B37F3F100313F79 /* WatchList.swift */; };
		7E8C36272B37FDB400313F79 /* WatchListTableViewDelegate.swift in Sources */ = {isa = PBXBuildFile; fileRef = 7E8C36262B37FDB400313F79 /* WatchListTableViewDelegate.swift */; };
		7E8C36292B37FDC200313F79 /* WatchListTableViewDataSource.swift in Sources */ = {isa = PBXBuildFile; fileRef = 7E8C36282B37FDC200313F79 /* WatchListTableViewDataSource.swift */; };
		7E8C362B2B37FF7C00313F79 /* WatchListNetworkManager.swift in Sources */ = {isa = PBXBuildFile; fileRef = 7E8C362A2B37FF7C00313F79 /* WatchListNetworkManager.swift */; };
		7EA44ED72B378B9C00FC2EE9 /* MovieDetailView.swift in Sources */ = {isa = PBXBuildFile; fileRef = 7EA44ED62B378B9C00FC2EE9 /* MovieDetailView.swift */; };
		7EA44ED92B3797C200FC2EE9 /* MovieDetailNetworkManager.swift in Sources */ = {isa = PBXBuildFile; fileRef = 7EA44ED82B3797C200FC2EE9 /* MovieDetailNetworkManager.swift */; };
		7EB0F3892B38AA1D0055F9BC /* MovieDescriptionView.swift in Sources */ = {isa = PBXBuildFile; fileRef = 7EB0F3882B38AA1D0055F9BC /* MovieDescriptionView.swift */; };
		7EB0F38B2B38B5B70055F9BC /* AboutMovieView.swift in Sources */ = {isa = PBXBuildFile; fileRef = 7EB0F38A2B38B5B70055F9BC /* AboutMovieView.swift */; };
		7EB0F38D2B38B6010055F9BC /* ReviewsView.swift in Sources */ = {isa = PBXBuildFile; fileRef = 7EB0F38C2B38B6010055F9BC /* ReviewsView.swift */; };
/* End PBXBuildFile section */

/* Begin PBXContainerItemProxy section */
		605656BF2B35C48F00FA1FED /* PBXContainerItemProxy */ = {
			isa = PBXContainerItemProxy;
			containerPortal = 605656A02B35C48B00FA1FED /* Project object */;
			proxyType = 1;
			remoteGlobalIDString = 605656A72B35C48B00FA1FED;
			remoteInfo = "Movie DB App";
		};
/* End PBXContainerItemProxy section */

/* Begin PBXFileReference section */
		601263682B37391600467027 /* CategoriesCollectionViewDataSource.swift */ = {isa = PBXFileReference; lastKnownFileType = sourcecode.swift; path = CategoriesCollectionViewDataSource.swift; sourceTree = "<group>"; };
		6012636A2B373A0C00467027 /* CategoryCellView.swift */ = {isa = PBXFileReference; lastKnownFileType = sourcecode.swift; path = CategoryCellView.swift; sourceTree = "<group>"; };
		601C1F622B37036D0088D2C2 /* MovieTableViewCell.swift */ = {isa = PBXFileReference; lastKnownFileType = sourcecode.swift; path = MovieTableViewCell.swift; sourceTree = "<group>"; };
		605656A82B35C48B00FA1FED /* Movie DB App.app */ = {isa = PBXFileReference; explicitFileType = wrapper.application; includeInIndex = 0; path = "Movie DB App.app"; sourceTree = BUILT_PRODUCTS_DIR; };
		605656AB2B35C48B00FA1FED /* AppDelegate.swift */ = {isa = PBXFileReference; lastKnownFileType = sourcecode.swift; path = AppDelegate.swift; sourceTree = "<group>"; };
		605656AD2B35C48B00FA1FED /* SceneDelegate.swift */ = {isa = PBXFileReference; lastKnownFileType = sourcecode.swift; path = SceneDelegate.swift; sourceTree = "<group>"; };
		605656B42B35C48E00FA1FED /* Assets.xcassets */ = {isa = PBXFileReference; lastKnownFileType = folder.assetcatalog; path = Assets.xcassets; sourceTree = "<group>"; };
		605656B72B35C48E00FA1FED /* Base */ = {isa = PBXFileReference; lastKnownFileType = file.storyboard; name = Base; path = Base.lproj/LaunchScreen.storyboard; sourceTree = "<group>"; };
		605656B92B35C48E00FA1FED /* Info.plist */ = {isa = PBXFileReference; lastKnownFileType = text.plist.xml; path = Info.plist; sourceTree = "<group>"; };
		605656BE2B35C48F00FA1FED /* Movie DB AppTests.xctest */ = {isa = PBXFileReference; explicitFileType = wrapper.cfbundle; includeInIndex = 0; path = "Movie DB AppTests.xctest"; sourceTree = BUILT_PRODUCTS_DIR; };
		605656DB2B35D6E400FA1FED /* Coordinator.swift */ = {isa = PBXFileReference; lastKnownFileType = sourcecode.swift; path = Coordinator.swift; sourceTree = "<group>"; };
		605656DD2B35D80700FA1FED /* MainCoordinator.swift */ = {isa = PBXFileReference; lastKnownFileType = sourcecode.swift; path = MainCoordinator.swift; sourceTree = "<group>"; };
		605656E12B35DAD900FA1FED /* MovieListViewController.swift */ = {isa = PBXFileReference; lastKnownFileType = sourcecode.swift; path = MovieListViewController.swift; sourceTree = "<group>"; };
		605656E42B35DD4300FA1FED /* MovieDetailViewController.swift */ = {isa = PBXFileReference; lastKnownFileType = sourcecode.swift; path = MovieDetailViewController.swift; sourceTree = "<group>"; };
		605656E72B35ECD500FA1FED /* Movie DB App-Bridging-Header.h */ = {isa = PBXFileReference; lastKnownFileType = sourcecode.c.h; path = "Movie DB App-Bridging-Header.h"; sourceTree = "<group>"; };
		605656E82B35ECD600FA1FED /* NetworkManager.h */ = {isa = PBXFileReference; lastKnownFileType = sourcecode.c.h; path = NetworkManager.h; sourceTree = "<group>"; };
		605656E92B35ECD600FA1FED /* NetworkManager.m */ = {isa = PBXFileReference; lastKnownFileType = sourcecode.c.objc; path = NetworkManager.m; sourceTree = "<group>"; };
		605656EB2B35EF3A00FA1FED /* MovieListPresenter.swift */ = {isa = PBXFileReference; lastKnownFileType = sourcecode.swift; path = MovieListPresenter.swift; sourceTree = "<group>"; };
		605656ED2B35EF7D00FA1FED /* MovieDetailPresenter.swift */ = {isa = PBXFileReference; lastKnownFileType = sourcecode.swift; path = MovieDetailPresenter.swift; sourceTree = "<group>"; };
		605656EF2B35F25B00FA1FED /* Presenter.swift */ = {isa = PBXFileReference; lastKnownFileType = sourcecode.swift; path = Presenter.swift; sourceTree = "<group>"; };
		605656F12B36009900FA1FED /* MovieListNetworkManager.swift */ = {isa = PBXFileReference; lastKnownFileType = sourcecode.swift; path = MovieListNetworkManager.swift; sourceTree = "<group>"; };
		605656F42B36082200FA1FED /* Movie.swift */ = {isa = PBXFileReference; lastKnownFileType = sourcecode.swift; path = Movie.swift; sourceTree = "<group>"; };
		605656F62B36489000FA1FED /* MovieList.swift */ = {isa = PBXFileReference; lastKnownFileType = sourcecode.swift; path = MovieList.swift; sourceTree = "<group>"; };
		605656F82B3665B400FA1FED /* MovieListView.swift */ = {isa = PBXFileReference; lastKnownFileType = sourcecode.swift; path = MovieListView.swift; sourceTree = "<group>"; };
		605656FA2B366E2B00FA1FED /* MovieListTableViewDelegate.swift */ = {isa = PBXFileReference; lastKnownFileType = sourcecode.swift; path = MovieListTableViewDelegate.swift; sourceTree = "<group>"; };
		605656FC2B366E9C00FA1FED /* MovieListTableViewDataSource.swift */ = {isa = PBXFileReference; lastKnownFileType = sourcecode.swift; path = MovieListTableViewDataSource.swift; sourceTree = "<group>"; };
		605656FE2B36FD8800FA1FED /* DispatchQueue+Extensions.swift */ = {isa = PBXFileReference; lastKnownFileType = sourcecode.swift; path = "DispatchQueue+Extensions.swift"; sourceTree = "<group>"; };
		60F902302B3744E200DE58C7 /* Genre.swift */ = {isa = PBXFileReference; lastKnownFileType = sourcecode.swift; path = Genre.swift; sourceTree = "<group>"; };
		60F902322B37454400DE58C7 /* GenreList.swift */ = {isa = PBXFileReference; lastKnownFileType = sourcecode.swift; path = GenreList.swift; sourceTree = "<group>"; };
		7E016B752B39D15B00AF5875 /* AuthorDetail.swift */ = {isa = PBXFileReference; lastKnownFileType = sourcecode.swift; path = AuthorDetail.swift; sourceTree = "<group>"; };
		7E016B772B39D1CE00AF5875 /* Review.swift */ = {isa = PBXFileReference; lastKnownFileType = sourcecode.swift; path = Review.swift; sourceTree = "<group>"; };
		7E016B792B39D27500AF5875 /* ReviewList.swift */ = {isa = PBXFileReference; lastKnownFileType = sourcecode.swift; path = ReviewList.swift; sourceTree = "<group>"; };
		7E016B7B2B39D9C700AF5875 /* ReviewsTableViewDataSource.swift */ = {isa = PBXFileReference; lastKnownFileType = sourcecode.swift; path = ReviewsTableViewDataSource.swift; sourceTree = "<group>"; };
		7E016B7D2B39DA4300AF5875 /* ReviewTableViewCell.swift */ = {isa = PBXFileReference; lastKnownFileType = sourcecode.swift; path = ReviewTableViewCell.swift; sourceTree = "<group>"; };
		7E405A122B3A2CA600433E16 /* AuthorDetail_Mock.json */ = {isa = PBXFileReference; lastKnownFileType = text.json; path = AuthorDetail_Mock.json; sourceTree = "<group>"; };
		7E405A142B3A2CE400433E16 /* AuthorDetailTests.swift */ = {isa = PBXFileReference; lastKnownFileType = sourcecode.swift; path = AuthorDetailTests.swift; sourceTree = "<group>"; };
		7E405A162B3A2DC400433E16 /* Utils.swift */ = {isa = PBXFileReference; lastKnownFileType = sourcecode.swift; path = Utils.swift; sourceTree = "<group>"; };
		7E405A1A2B3A324C00433E16 /* Genre_Mock.json */ = {isa = PBXFileReference; lastKnownFileType = text.json; path = Genre_Mock.json; sourceTree = "<group>"; };
		7E405A1C2B3A32A400433E16 /* GenreTests.swift */ = {isa = PBXFileReference; lastKnownFileType = sourcecode.swift; path = GenreTests.swift; sourceTree = "<group>"; };
		7E405A1E2B3A33DA00433E16 /* GenreList_Mock.json */ = {isa = PBXFileReference; lastKnownFileType = text.json; path = GenreList_Mock.json; sourceTree = "<group>"; };
		7E405A212B3A348200433E16 /* GenreListTests.swift */ = {isa = PBXFileReference; lastKnownFileType = sourcecode.swift; path = GenreListTests.swift; sourceTree = "<group>"; };
		7E405A252B3A357000433E16 /* MovieTests.swift */ = {isa = PBXFileReference; lastKnownFileType = sourcecode.swift; path = MovieTests.swift; sourceTree = "<group>"; };
		7E405A272B3A371400433E16 /* Movie_Mock.json */ = {isa = PBXFileReference; lastKnownFileType = text.json; path = Movie_Mock.json; sourceTree = "<group>"; };
		7E405A292B3A390200433E16 /* MovieList_Mock.json */ = {isa = PBXFileReference; lastKnownFileType = text.json; path = MovieList_Mock.json; sourceTree = "<group>"; };
		7E405A2B2B3A393000433E16 /* MovieListTests.swift */ = {isa = PBXFileReference; lastKnownFileType = sourcecode.swift; path = MovieListTests.swift; sourceTree = "<group>"; };
		7E405A2F2B3A3B0100433E16 /* UIView+Extensions.swift */ = {isa = PBXFileReference; lastKnownFileType = sourcecode.swift; path = "UIView+Extensions.swift"; sourceTree = "<group>"; };
		7E63D1192B380FDE00351AB1 /* MovieDetailCategoriesCollectionViewDelegate.swift */ = {isa = PBXFileReference; lastKnownFileType = sourcecode.swift; path = MovieDetailCategoriesCollectionViewDelegate.swift; sourceTree = "<group>"; };
		7E63D11B2B380FFA00351AB1 /* MovieDetailCategoriesCollectionViewDataSource.swift */ = {isa = PBXFileReference; lastKnownFileType = sourcecode.swift; path = MovieDetailCategoriesCollectionViewDataSource.swift; sourceTree = "<group>"; };
		7E63D11D2B38108D00351AB1 /* CategoriesCollectionViewDelegate.swift */ = {isa = PBXFileReference; fileEncoding = 4; lastKnownFileType = sourcecode.swift; path = CategoriesCollectionViewDelegate.swift; sourceTree = "<group>"; };
		7E82F7942B37E686003D9155 /* WatchListPresenter.swift */ = {isa = PBXFileReference; lastKnownFileType = sourcecode.swift; path = WatchListPresenter.swift; sourceTree = "<group>"; };
		7E82F7962B37E6B0003D9155 /* WatchListViewController.swift */ = {isa = PBXFileReference; lastKnownFileType = sourcecode.swift; path = WatchListViewController.swift; sourceTree = "<group>"; };
		7E82F7982B37E781003D9155 /* WatchListView.swift */ = {isa = PBXFileReference; lastKnownFileType = sourcecode.swift; path = WatchListView.swift; sourceTree = "<group>"; };
		7E8C36242B37F3F100313F79 /* WatchList.swift */ = {isa = PBXFileReference; lastKnownFileType = sourcecode.swift; path = WatchList.swift; sourceTree = "<group>"; };
		7E8C36262B37FDB400313F79 /* WatchListTableViewDelegate.swift */ = {isa = PBXFileReference; lastKnownFileType = sourcecode.swift; path = WatchListTableViewDelegate.swift; sourceTree = "<group>"; };
		7E8C36282B37FDC200313F79 /* WatchListTableViewDataSource.swift */ = {isa = PBXFileReference; lastKnownFileType = sourcecode.swift; path = WatchListTableViewDataSource.swift; sourceTree = "<group>"; };
		7E8C362A2B37FF7C00313F79 /* WatchListNetworkManager.swift */ = {isa = PBXFileReference; lastKnownFileType = sourcecode.swift; path = WatchListNetworkManager.swift; sourceTree = "<group>"; };
		7EA44ED62B378B9C00FC2EE9 /* MovieDetailView.swift */ = {isa = PBXFileReference; lastKnownFileType = sourcecode.swift; path = MovieDetailView.swift; sourceTree = "<group>"; };
		7EA44ED82B3797C200FC2EE9 /* MovieDetailNetworkManager.swift */ = {isa = PBXFileReference; lastKnownFileType = sourcecode.swift; path = MovieDetailNetworkManager.swift; sourceTree = "<group>"; };
		7EB0F3882B38AA1D0055F9BC /* MovieDescriptionView.swift */ = {isa = PBXFileReference; lastKnownFileType = sourcecode.swift; path = MovieDescriptionView.swift; sourceTree = "<group>"; };
		7EB0F38A2B38B5B70055F9BC /* AboutMovieView.swift */ = {isa = PBXFileReference; lastKnownFileType = sourcecode.swift; path = AboutMovieView.swift; sourceTree = "<group>"; };
		7EB0F38C2B38B6010055F9BC /* ReviewsView.swift */ = {isa = PBXFileReference; lastKnownFileType = sourcecode.swift; path = ReviewsView.swift; sourceTree = "<group>"; };
/* End PBXFileReference section */

/* Begin PBXFrameworksBuildPhase section */
		605656A52B35C48B00FA1FED /* Frameworks */ = {
			isa = PBXFrameworksBuildPhase;
			buildActionMask = 2147483647;
			files = (
			);
			runOnlyForDeploymentPostprocessing = 0;
		};
		605656BB2B35C48F00FA1FED /* Frameworks */ = {
			isa = PBXFrameworksBuildPhase;
			buildActionMask = 2147483647;
			files = (
			);
			runOnlyForDeploymentPostprocessing = 0;
		};
/* End PBXFrameworksBuildPhase section */

/* Begin PBXGroup section */
		601C1F612B37035E0088D2C2 /* Cells */ = {
			isa = PBXGroup;
			children = (
				601C1F622B37036D0088D2C2 /* MovieTableViewCell.swift */,
				6012636A2B373A0C00467027 /* CategoryCellView.swift */,
				7E016B7D2B39DA4300AF5875 /* ReviewTableViewCell.swift */,
			);
			path = Cells;
			sourceTree = "<group>";
		};
		6056569F2B35C48B00FA1FED = {
			isa = PBXGroup;
			children = (
				605656AA2B35C48B00FA1FED /* Movie DB App */,
				605656C12B35C48F00FA1FED /* Movie DB AppTests */,
				605656A92B35C48B00FA1FED /* Products */,
			);
			sourceTree = "<group>";
		};
		605656A92B35C48B00FA1FED /* Products */ = {
			isa = PBXGroup;
			children = (
				605656A82B35C48B00FA1FED /* Movie DB App.app */,
				605656BE2B35C48F00FA1FED /* Movie DB AppTests.xctest */,
			);
			name = Products;
			sourceTree = "<group>";
		};
		605656AA2B35C48B00FA1FED /* Movie DB App */ = {
			isa = PBXGroup;
			children = (
				605656F32B36081300FA1FED /* Models */,
				605656E62B35EC9500FA1FED /* Utils */,
				605656DF2B35DABE00FA1FED /* Modules */,
				605656AB2B35C48B00FA1FED /* AppDelegate.swift */,
				605656AD2B35C48B00FA1FED /* SceneDelegate.swift */,
				605656B42B35C48E00FA1FED /* Assets.xcassets */,
				605656B62B35C48E00FA1FED /* LaunchScreen.storyboard */,
				605656B92B35C48E00FA1FED /* Info.plist */,
			);
			path = "Movie DB App";
			sourceTree = "<group>";
		};
		605656C12B35C48F00FA1FED /* Movie DB AppTests */ = {
			isa = PBXGroup;
			children = (
				7E405A0D2B3A2B6700433E16 /* Mocks */,
				7E405A202B3A343500433E16 /* ModelTests */,
				7E405A162B3A2DC400433E16 /* Utils.swift */,
			);
			path = "Movie DB AppTests";
			sourceTree = "<group>";
		};
		605656DF2B35DABE00FA1FED /* Modules */ = {
			isa = PBXGroup;
			children = (
				7EB0F3852B38A27A0055F9BC /* Views */,
				601C1F612B37035E0088D2C2 /* Cells */,
				7E82F7932B37E672003D9155 /* WatchList */,
				605656E32B35DD2D00FA1FED /* MovieDetail */,
				605656E02B35DAC600FA1FED /* MovieList */,
			);
			path = Modules;
			sourceTree = "<group>";
		};
		605656E02B35DAC600FA1FED /* MovieList */ = {
			isa = PBXGroup;
			children = (
				605656E12B35DAD900FA1FED /* MovieListViewController.swift */,
				605656EB2B35EF3A00FA1FED /* MovieListPresenter.swift */,
				605656F12B36009900FA1FED /* MovieListNetworkManager.swift */,
				605656F82B3665B400FA1FED /* MovieListView.swift */,
				605656FA2B366E2B00FA1FED /* MovieListTableViewDelegate.swift */,
				605656FC2B366E9C00FA1FED /* MovieListTableViewDataSource.swift */,
				7E63D11D2B38108D00351AB1 /* CategoriesCollectionViewDelegate.swift */,
				601263682B37391600467027 /* CategoriesCollectionViewDataSource.swift */,
			);
			path = MovieList;
			sourceTree = "<group>";
		};
		605656E32B35DD2D00FA1FED /* MovieDetail */ = {
			isa = PBXGroup;
			children = (
				605656E42B35DD4300FA1FED /* MovieDetailViewController.swift */,
				605656ED2B35EF7D00FA1FED /* MovieDetailPresenter.swift */,
				7EA44ED62B378B9C00FC2EE9 /* MovieDetailView.swift */,
				7EA44ED82B3797C200FC2EE9 /* MovieDetailNetworkManager.swift */,
				7E63D1192B380FDE00351AB1 /* MovieDetailCategoriesCollectionViewDelegate.swift */,
				7E63D11B2B380FFA00351AB1 /* MovieDetailCategoriesCollectionViewDataSource.swift */,
				7E016B7B2B39D9C700AF5875 /* ReviewsTableViewDataSource.swift */,
			);
			path = MovieDetail;
			sourceTree = "<group>";
		};
		605656E62B35EC9500FA1FED /* Utils */ = {
			isa = PBXGroup;
			children = (
				605656DB2B35D6E400FA1FED /* Coordinator.swift */,
				605656DD2B35D80700FA1FED /* MainCoordinator.swift */,
				605656E82B35ECD600FA1FED /* NetworkManager.h */,
				605656E92B35ECD600FA1FED /* NetworkManager.m */,
				605656E72B35ECD500FA1FED /* Movie DB App-Bridging-Header.h */,
				605656EF2B35F25B00FA1FED /* Presenter.swift */,
				605656FE2B36FD8800FA1FED /* DispatchQueue+Extensions.swift */,
				7E405A2F2B3A3B0100433E16 /* UIView+Extensions.swift */,
			);
			path = Utils;
			sourceTree = "<group>";
		};
		605656F32B36081300FA1FED /* Models */ = {
			isa = PBXGroup;
			children = (
				605656F42B36082200FA1FED /* Movie.swift */,
				605656F62B36489000FA1FED /* MovieList.swift */,
				60F902302B3744E200DE58C7 /* Genre.swift */,
				60F902322B37454400DE58C7 /* GenreList.swift */,
				7E8C36242B37F3F100313F79 /* WatchList.swift */,
				7E016B752B39D15B00AF5875 /* AuthorDetail.swift */,
				7E016B772B39D1CE00AF5875 /* Review.swift */,
				7E016B792B39D27500AF5875 /* ReviewList.swift */,
			);
			path = Models;
			sourceTree = "<group>";
		};
		7E405A0D2B3A2B6700433E16 /* Mocks */ = {
			isa = PBXGroup;
			children = (
				7E405A122B3A2CA600433E16 /* AuthorDetail_Mock.json */,
				7E405A1A2B3A324C00433E16 /* Genre_Mock.json */,
				7E405A1E2B3A33DA00433E16 /* GenreList_Mock.json */,
				7E405A272B3A371400433E16 /* Movie_Mock.json */,
				7E405A292B3A390200433E16 /* MovieList_Mock.json */,
			);
			path = Mocks;
			sourceTree = "<group>";
		};
		7E405A202B3A343500433E16 /* ModelTests */ = {
			isa = PBXGroup;
			children = (
				7E405A142B3A2CE400433E16 /* AuthorDetailTests.swift */,
				7E405A1C2B3A32A400433E16 /* GenreTests.swift */,
				7E405A212B3A348200433E16 /* GenreListTests.swift */,
				7E405A252B3A357000433E16 /* MovieTests.swift */,
				7E405A2B2B3A393000433E16 /* MovieListTests.swift */,
			);
			path = ModelTests;
			sourceTree = "<group>";
		};
		7E82F7932B37E672003D9155 /* WatchList */ = {
			isa = PBXGroup;
			children = (
				7E82F7942B37E686003D9155 /* WatchListPresenter.swift */,
				7E82F7962B37E6B0003D9155 /* WatchListViewController.swift */,
				7E82F7982B37E781003D9155 /* WatchListView.swift */,
				7E8C36262B37FDB400313F79 /* WatchListTableViewDelegate.swift */,
				7E8C36282B37FDC200313F79 /* WatchListTableViewDataSource.swift */,
				7E8C362A2B37FF7C00313F79 /* WatchListNetworkManager.swift */,
			);
			path = WatchList;
			sourceTree = "<group>";
		};
		7EB0F3852B38A27A0055F9BC /* Views */ = {
			isa = PBXGroup;
			children = (
				7EB0F3882B38AA1D0055F9BC /* MovieDescriptionView.swift */,
				7EB0F38A2B38B5B70055F9BC /* AboutMovieView.swift */,
				7EB0F38C2B38B6010055F9BC /* ReviewsView.swift */,
			);
			path = Views;
			sourceTree = "<group>";
		};
/* End PBXGroup section */

/* Begin PBXNativeTarget section */
		605656A72B35C48B00FA1FED /* Movie DB App */ = {
			isa = PBXNativeTarget;
			buildConfigurationList = 605656D22B35C48F00FA1FED /* Build configuration list for PBXNativeTarget "Movie DB App" */;
			buildPhases = (
				605656A42B35C48B00FA1FED /* Sources */,
				605656A52B35C48B00FA1FED /* Frameworks */,
				605656A62B35C48B00FA1FED /* Resources */,
			);
			buildRules = (
			);
			dependencies = (
			);
			name = "Movie DB App";
			productName = "Movie DB App";
			productReference = 605656A82B35C48B00FA1FED /* Movie DB App.app */;
			productType = "com.apple.product-type.application";
		};
		605656BD2B35C48F00FA1FED /* Movie DB AppTests */ = {
			isa = PBXNativeTarget;
			buildConfigurationList = 605656D52B35C48F00FA1FED /* Build configuration list for PBXNativeTarget "Movie DB AppTests" */;
			buildPhases = (
				605656BA2B35C48F00FA1FED /* Sources */,
				605656BB2B35C48F00FA1FED /* Frameworks */,
				605656BC2B35C48F00FA1FED /* Resources */,
			);
			buildRules = (
			);
			dependencies = (
				605656C02B35C48F00FA1FED /* PBXTargetDependency */,
			);
			name = "Movie DB AppTests";
			productName = "Movie DB AppTests";
			productReference = 605656BE2B35C48F00FA1FED /* Movie DB AppTests.xctest */;
			productType = "com.apple.product-type.bundle.unit-test";
		};
/* End PBXNativeTarget section */

/* Begin PBXProject section */
		605656A02B35C48B00FA1FED /* Project object */ = {
			isa = PBXProject;
			attributes = {
				BuildIndependentTargetsInParallel = 1;
				LastSwiftUpdateCheck = 1500;
				LastUpgradeCheck = 1500;
				TargetAttributes = {
					605656A72B35C48B00FA1FED = {
						CreatedOnToolsVersion = 15.0.1;
						LastSwiftMigration = 1500;
					};
					605656BD2B35C48F00FA1FED = {
						CreatedOnToolsVersion = 15.0.1;
						TestTargetID = 605656A72B35C48B00FA1FED;
					};
				};
			};
			buildConfigurationList = 605656A32B35C48B00FA1FED /* Build configuration list for PBXProject "Movie DB App" */;
			compatibilityVersion = "Xcode 14.0";
			developmentRegion = en;
			hasScannedForEncodings = 0;
			knownRegions = (
				en,
				Base,
			);
			mainGroup = 6056569F2B35C48B00FA1FED;
			productRefGroup = 605656A92B35C48B00FA1FED /* Products */;
			projectDirPath = "";
			projectRoot = "";
			targets = (
				605656A72B35C48B00FA1FED /* Movie DB App */,
				605656BD2B35C48F00FA1FED /* Movie DB AppTests */,
			);
		};
/* End PBXProject section */

/* Begin PBXResourcesBuildPhase section */
		605656A62B35C48B00FA1FED /* Resources */ = {
			isa = PBXResourcesBuildPhase;
			buildActionMask = 2147483647;
			files = (
				605656B82B35C48E00FA1FED /* LaunchScreen.storyboard in Resources */,
				605656B52B35C48E00FA1FED /* Assets.xcassets in Resources */,
			);
			runOnlyForDeploymentPostprocessing = 0;
		};
		605656BC2B35C48F00FA1FED /* Resources */ = {
			isa = PBXResourcesBuildPhase;
			buildActionMask = 2147483647;
			files = (
				7E405A132B3A2CA600433E16 /* AuthorDetail_Mock.json in Resources */,
				7E405A1B2B3A324C00433E16 /* Genre_Mock.json in Resources */,
				7E405A1F2B3A33DA00433E16 /* GenreList_Mock.json in Resources */,
				7E405A2A2B3A390200433E16 /* MovieList_Mock.json in Resources */,
				7E405A282B3A371400433E16 /* Movie_Mock.json in Resources */,
			);
			runOnlyForDeploymentPostprocessing = 0;
		};
/* End PBXResourcesBuildPhase section */

/* Begin PBXSourcesBuildPhase section */
		605656A42B35C48B00FA1FED /* Sources */ = {
			isa = PBXSourcesBuildPhase;
			buildActionMask = 2147483647;
			files = (
				7E82F7952B37E686003D9155 /* WatchListPresenter.swift in Sources */,
				7E63D11E2B38108D00351AB1 /* CategoriesCollectionViewDelegate.swift in Sources */,
				605656DC2B35D6E400FA1FED /* Coordinator.swift in Sources */,
				7E016B762B39D15B00AF5875 /* AuthorDetail.swift in Sources */,
				605656F92B3665B400FA1FED /* MovieListView.swift in Sources */,
				601C1F632B37036E0088D2C2 /* MovieTableViewCell.swift in Sources */,
				7EB0F38B2B38B5B70055F9BC /* AboutMovieView.swift in Sources */,
				60F902312B3744E200DE58C7 /* Genre.swift in Sources */,
				7E016B782B39D1CE00AF5875 /* Review.swift in Sources */,
				601263692B37391600467027 /* CategoriesCollectionViewDataSource.swift in Sources */,
				605656EA2B35ECD600FA1FED /* NetworkManager.m in Sources */,
				7EA44ED72B378B9C00FC2EE9 /* MovieDetailView.swift in Sources */,
				7EA44ED92B3797C200FC2EE9 /* MovieDetailNetworkManager.swift in Sources */,
				605656FD2B366E9C00FA1FED /* MovieListTableViewDataSource.swift in Sources */,
				7E63D11A2B380FDE00351AB1 /* MovieDetailCategoriesCollectionViewDelegate.swift in Sources */,
				605656F52B36082200FA1FED /* Movie.swift in Sources */,
				7E63D11C2B380FFA00351AB1 /* MovieDetailCategoriesCollectionViewDataSource.swift in Sources */,
				605656AC2B35C48B00FA1FED /* AppDelegate.swift in Sources */,
				605656E22B35DAD900FA1FED /* MovieListViewController.swift in Sources */,
				7E016B7E2B39DA4300AF5875 /* ReviewTableViewCell.swift in Sources */,
				60F902332B37454400DE58C7 /* GenreList.swift in Sources */,
				605656FF2B36FD8800FA1FED /* DispatchQueue+Extensions.swift in Sources */,
				7E405A302B3A3B0100433E16 /* UIView+Extensions.swift in Sources */,
				7E8C362B2B37FF7C00313F79 /* WatchListNetworkManager.swift in Sources */,
				7EB0F3892B38AA1D0055F9BC /* MovieDescriptionView.swift in Sources */,
				7E82F7992B37E781003D9155 /* WatchListView.swift in Sources */,
				605656F02B35F25B00FA1FED /* Presenter.swift in Sources */,
				605656DE2B35D80700FA1FED /* MainCoordinator.swift in Sources */,
				6012636B2B373A0C00467027 /* CategoryCellView.swift in Sources */,
				7EB0F38D2B38B6010055F9BC /* ReviewsView.swift in Sources */,
				605656E52B35DD4300FA1FED /* MovieDetailViewController.swift in Sources */,
				605656EE2B35EF7D00FA1FED /* MovieDetailPresenter.swift in Sources */,
				605656AE2B35C48B00FA1FED /* SceneDelegate.swift in Sources */,
				605656FB2B366E2B00FA1FED /* MovieListTableViewDelegate.swift in Sources */,
				7E8C36272B37FDB400313F79 /* WatchListTableViewDelegate.swift in Sources */,
				7E016B7A2B39D27500AF5875 /* ReviewList.swift in Sources */,
				7E8C36292B37FDC200313F79 /* WatchListTableViewDataSource.swift in Sources */,
				605656F72B36489100FA1FED /* MovieList.swift in Sources */,
				605656EC2B35EF3A00FA1FED /* MovieListPresenter.swift in Sources */,
				7E016B7C2B39D9C700AF5875 /* ReviewsTableViewDataSource.swift in Sources */,
				7E82F7972B37E6B0003D9155 /* WatchListViewController.swift in Sources */,
				605656F22B36009900FA1FED /* MovieListNetworkManager.swift in Sources */,
				7E8C36252B37F3F100313F79 /* WatchList.swift in Sources */,
			);
			runOnlyForDeploymentPostprocessing = 0;
		};
		605656BA2B35C48F00FA1FED /* Sources */ = {
			isa = PBXSourcesBuildPhase;
			buildActionMask = 2147483647;
			files = (
				7E405A262B3A357000433E16 /* MovieTests.swift in Sources */,
				7E405A1D2B3A32A400433E16 /* GenreTests.swift in Sources */,
				7E405A2C2B3A393000433E16 /* MovieListTests.swift in Sources */,
				7E405A152B3A2CE400433E16 /* AuthorDetailTests.swift in Sources */,
				7E405A172B3A2DC400433E16 /* Utils.swift in Sources */,
				7E405A222B3A348200433E16 /* GenreListTests.swift in Sources */,
			);
			runOnlyForDeploymentPostprocessing = 0;
		};
/* End PBXSourcesBuildPhase section */

/* Begin PBXTargetDependency section */
		605656C02B35C48F00FA1FED /* PBXTargetDependency */ = {
			isa = PBXTargetDependency;
			target = 605656A72B35C48B00FA1FED /* Movie DB App */;
			targetProxy = 605656BF2B35C48F00FA1FED /* PBXContainerItemProxy */;
		};
/* End PBXTargetDependency section */

/* Begin PBXVariantGroup section */
		605656B62B35C48E00FA1FED /* LaunchScreen.storyboard */ = {
			isa = PBXVariantGroup;
			children = (
				605656B72B35C48E00FA1FED /* Base */,
			);
			name = LaunchScreen.storyboard;
			sourceTree = "<group>";
		};
/* End PBXVariantGroup section */

/* Begin XCBuildConfiguration section */
		605656D02B35C48F00FA1FED /* Debug */ = {
			isa = XCBuildConfiguration;
			buildSettings = {
				ALWAYS_SEARCH_USER_PATHS = NO;
				ASSETCATALOG_COMPILER_GENERATE_SWIFT_ASSET_SYMBOL_EXTENSIONS = YES;
				CLANG_ANALYZER_NONNULL = YES;
				CLANG_ANALYZER_NUMBER_OBJECT_CONVERSION = YES_AGGRESSIVE;
				CLANG_CXX_LANGUAGE_STANDARD = "gnu++20";
				CLANG_ENABLE_MODULES = YES;
				CLANG_ENABLE_OBJC_ARC = YES;
				CLANG_ENABLE_OBJC_WEAK = YES;
				CLANG_WARN_BLOCK_CAPTURE_AUTORELEASING = YES;
				CLANG_WARN_BOOL_CONVERSION = YES;
				CLANG_WARN_COMMA = YES;
				CLANG_WARN_CONSTANT_CONVERSION = YES;
				CLANG_WARN_DEPRECATED_OBJC_IMPLEMENTATIONS = YES;
				CLANG_WARN_DIRECT_OBJC_ISA_USAGE = YES_ERROR;
				CLANG_WARN_DOCUMENTATION_COMMENTS = YES;
				CLANG_WARN_EMPTY_BODY = YES;
				CLANG_WARN_ENUM_CONVERSION = YES;
				CLANG_WARN_INFINITE_RECURSION = YES;
				CLANG_WARN_INT_CONVERSION = YES;
				CLANG_WARN_NON_LITERAL_NULL_CONVERSION = YES;
				CLANG_WARN_OBJC_IMPLICIT_RETAIN_SELF = YES;
				CLANG_WARN_OBJC_LITERAL_CONVERSION = YES;
				CLANG_WARN_OBJC_ROOT_CLASS = YES_ERROR;
				CLANG_WARN_QUOTED_INCLUDE_IN_FRAMEWORK_HEADER = YES;
				CLANG_WARN_RANGE_LOOP_ANALYSIS = YES;
				CLANG_WARN_STRICT_PROTOTYPES = YES;
				CLANG_WARN_SUSPICIOUS_MOVE = YES;
				CLANG_WARN_UNGUARDED_AVAILABILITY = YES_AGGRESSIVE;
				CLANG_WARN_UNREACHABLE_CODE = YES;
				CLANG_WARN__DUPLICATE_METHOD_MATCH = YES;
				COPY_PHASE_STRIP = NO;
				DEBUG_INFORMATION_FORMAT = dwarf;
				ENABLE_STRICT_OBJC_MSGSEND = YES;
				ENABLE_TESTABILITY = YES;
				ENABLE_USER_SCRIPT_SANDBOXING = YES;
				GCC_C_LANGUAGE_STANDARD = gnu17;
				GCC_DYNAMIC_NO_PIC = NO;
				GCC_NO_COMMON_BLOCKS = YES;
				GCC_OPTIMIZATION_LEVEL = 0;
				GCC_PREPROCESSOR_DEFINITIONS = (
					"DEBUG=1",
					"$(inherited)",
				);
				GCC_WARN_64_TO_32_BIT_CONVERSION = YES;
				GCC_WARN_ABOUT_RETURN_TYPE = YES_ERROR;
				GCC_WARN_UNDECLARED_SELECTOR = YES;
				GCC_WARN_UNINITIALIZED_AUTOS = YES_AGGRESSIVE;
				GCC_WARN_UNUSED_FUNCTION = YES;
				GCC_WARN_UNUSED_VARIABLE = YES;
				IPHONEOS_DEPLOYMENT_TARGET = 17.0;
				LOCALIZATION_PREFERS_STRING_CATALOGS = YES;
				MTL_ENABLE_DEBUG_INFO = INCLUDE_SOURCE;
				MTL_FAST_MATH = YES;
				ONLY_ACTIVE_ARCH = YES;
				SDKROOT = iphoneos;
				SWIFT_ACTIVE_COMPILATION_CONDITIONS = "DEBUG $(inherited)";
				SWIFT_OPTIMIZATION_LEVEL = "-Onone";
			};
			name = Debug;
		};
		605656D12B35C48F00FA1FED /* Release */ = {
			isa = XCBuildConfiguration;
			buildSettings = {
				ALWAYS_SEARCH_USER_PATHS = NO;
				ASSETCATALOG_COMPILER_GENERATE_SWIFT_ASSET_SYMBOL_EXTENSIONS = YES;
				CLANG_ANALYZER_NONNULL = YES;
				CLANG_ANALYZER_NUMBER_OBJECT_CONVERSION = YES_AGGRESSIVE;
				CLANG_CXX_LANGUAGE_STANDARD = "gnu++20";
				CLANG_ENABLE_MODULES = YES;
				CLANG_ENABLE_OBJC_ARC = YES;
				CLANG_ENABLE_OBJC_WEAK = YES;
				CLANG_WARN_BLOCK_CAPTURE_AUTORELEASING = YES;
				CLANG_WARN_BOOL_CONVERSION = YES;
				CLANG_WARN_COMMA = YES;
				CLANG_WARN_CONSTANT_CONVERSION = YES;
				CLANG_WARN_DEPRECATED_OBJC_IMPLEMENTATIONS = YES;
				CLANG_WARN_DIRECT_OBJC_ISA_USAGE = YES_ERROR;
				CLANG_WARN_DOCUMENTATION_COMMENTS = YES;
				CLANG_WARN_EMPTY_BODY = YES;
				CLANG_WARN_ENUM_CONVERSION = YES;
				CLANG_WARN_INFINITE_RECURSION = YES;
				CLANG_WARN_INT_CONVERSION = YES;
				CLANG_WARN_NON_LITERAL_NULL_CONVERSION = YES;
				CLANG_WARN_OBJC_IMPLICIT_RETAIN_SELF = YES;
				CLANG_WARN_OBJC_LITERAL_CONVERSION = YES;
				CLANG_WARN_OBJC_ROOT_CLASS = YES_ERROR;
				CLANG_WARN_QUOTED_INCLUDE_IN_FRAMEWORK_HEADER = YES;
				CLANG_WARN_RANGE_LOOP_ANALYSIS = YES;
				CLANG_WARN_STRICT_PROTOTYPES = YES;
				CLANG_WARN_SUSPICIOUS_MOVE = YES;
				CLANG_WARN_UNGUARDED_AVAILABILITY = YES_AGGRESSIVE;
				CLANG_WARN_UNREACHABLE_CODE = YES;
				CLANG_WARN__DUPLICATE_METHOD_MATCH = YES;
				COPY_PHASE_STRIP = NO;
				DEBUG_INFORMATION_FORMAT = "dwarf-with-dsym";
				ENABLE_NS_ASSERTIONS = NO;
				ENABLE_STRICT_OBJC_MSGSEND = YES;
				ENABLE_USER_SCRIPT_SANDBOXING = YES;
				GCC_C_LANGUAGE_STANDARD = gnu17;
				GCC_NO_COMMON_BLOCKS = YES;
				GCC_WARN_64_TO_32_BIT_CONVERSION = YES;
				GCC_WARN_ABOUT_RETURN_TYPE = YES_ERROR;
				GCC_WARN_UNDECLARED_SELECTOR = YES;
				GCC_WARN_UNINITIALIZED_AUTOS = YES_AGGRESSIVE;
				GCC_WARN_UNUSED_FUNCTION = YES;
				GCC_WARN_UNUSED_VARIABLE = YES;
				IPHONEOS_DEPLOYMENT_TARGET = 17.0;
				LOCALIZATION_PREFERS_STRING_CATALOGS = YES;
				MTL_ENABLE_DEBUG_INFO = NO;
				MTL_FAST_MATH = YES;
				SDKROOT = iphoneos;
				SWIFT_COMPILATION_MODE = wholemodule;
				VALIDATE_PRODUCT = YES;
			};
			name = Release;
		};
		605656D32B35C48F00FA1FED /* Debug */ = {
			isa = XCBuildConfiguration;
			buildSettings = {
				ASSETCATALOG_COMPILER_APPICON_NAME = AppIcon;
				ASSETCATALOG_COMPILER_GLOBAL_ACCENT_COLOR_NAME = AccentColor;
				CLANG_ENABLE_MODULES = YES;
				CODE_SIGN_STYLE = Automatic;
				CURRENT_PROJECT_VERSION = 1;
				DEVELOPMENT_TEAM = VHNQM2U5QT;
				GENERATE_INFOPLIST_FILE = YES;
				INFOPLIST_FILE = "Movie DB App/Info.plist";
				INFOPLIST_KEY_UIApplicationSupportsIndirectInputEvents = YES;
				INFOPLIST_KEY_UILaunchStoryboardName = LaunchScreen;
				INFOPLIST_KEY_UISupportedInterfaceOrientations = UIInterfaceOrientationPortrait;
				INFOPLIST_KEY_UISupportedInterfaceOrientations_iPad = "UIInterfaceOrientationLandscapeLeft UIInterfaceOrientationLandscapeRight UIInterfaceOrientationPortrait UIInterfaceOrientationPortraitUpsideDown";
				IPHONEOS_DEPLOYMENT_TARGET = 15.0;
				LD_RUNPATH_SEARCH_PATHS = (
					"$(inherited)",
					"@executable_path/Frameworks",
				);
				MARKETING_VERSION = 1.0;
				PRODUCT_BUNDLE_IDENTIFIER = "com.trece.Movie-DB-App";
				PRODUCT_NAME = "$(TARGET_NAME)";
				SWIFT_EMIT_LOC_STRINGS = YES;
				SWIFT_OBJC_BRIDGING_HEADER = "Movie DB App/Utils/Movie DB App-Bridging-Header.h";
				SWIFT_OPTIMIZATION_LEVEL = "-Onone";
				SWIFT_VERSION = 5.0;
				TARGETED_DEVICE_FAMILY = "1,2";
			};
			name = Debug;
		};
		605656D42B35C48F00FA1FED /* Release */ = {
			isa = XCBuildConfiguration;
			buildSettings = {
				ASSETCATALOG_COMPILER_APPICON_NAME = AppIcon;
				ASSETCATALOG_COMPILER_GLOBAL_ACCENT_COLOR_NAME = AccentColor;
				CLANG_ENABLE_MODULES = YES;
				CODE_SIGN_STYLE = Automatic;
				CURRENT_PROJECT_VERSION = 1;
				DEVELOPMENT_TEAM = VHNQM2U5QT;
				GENERATE_INFOPLIST_FILE = YES;
				INFOPLIST_FILE = "Movie DB App/Info.plist";
				INFOPLIST_KEY_UIApplicationSupportsIndirectInputEvents = YES;
				INFOPLIST_KEY_UILaunchStoryboardName = LaunchScreen;
				INFOPLIST_KEY_UISupportedInterfaceOrientations = UIInterfaceOrientationPortrait;
				INFOPLIST_KEY_UISupportedInterfaceOrientations_iPad = "UIInterfaceOrientationLandscapeLeft UIInterfaceOrientationLandscapeRight UIInterfaceOrientationPortrait UIInterfaceOrientationPortraitUpsideDown";
				IPHONEOS_DEPLOYMENT_TARGET = 15.0;
				LD_RUNPATH_SEARCH_PATHS = (
					"$(inherited)",
					"@executable_path/Frameworks",
				);
				MARKETING_VERSION = 1.0;
				PRODUCT_BUNDLE_IDENTIFIER = "com.trece.Movie-DB-App";
				PRODUCT_NAME = "$(TARGET_NAME)";
				SWIFT_EMIT_LOC_STRINGS = YES;
				SWIFT_OBJC_BRIDGING_HEADER = "Movie DB App/Utils/Movie DB App-Bridging-Header.h";
				SWIFT_VERSION = 5.0;
				TARGETED_DEVICE_FAMILY = "1,2";
			};
			name = Release;
		};
		605656D62B35C48F00FA1FED /* Debug */ = {
			isa = XCBuildConfiguration;
			buildSettings = {
				ALWAYS_EMBED_SWIFT_STANDARD_LIBRARIES = YES;
				BUNDLE_LOADER = "$(TEST_HOST)";
				CODE_SIGN_STYLE = Automatic;
				CURRENT_PROJECT_VERSION = 1;
				DEVELOPMENT_TEAM = VHNQM2U5QT;
				GENERATE_INFOPLIST_FILE = YES;
				IPHONEOS_DEPLOYMENT_TARGET = 15.0;
				MARKETING_VERSION = 1.0;
				PRODUCT_BUNDLE_IDENTIFIER = "com.trece.Movie-DB-AppTests";
				PRODUCT_NAME = "$(TARGET_NAME)";
				SWIFT_EMIT_LOC_STRINGS = NO;
				SWIFT_VERSION = 5.0;
				TARGETED_DEVICE_FAMILY = "1,2";
				TEST_HOST = "$(BUILT_PRODUCTS_DIR)/Movie DB App.app/$(BUNDLE_EXECUTABLE_FOLDER_PATH)/Movie DB App";
			};
			name = Debug;
		};
		605656D72B35C48F00FA1FED /* Release */ = {
			isa = XCBuildConfiguration;
			buildSettings = {
				ALWAYS_EMBED_SWIFT_STANDARD_LIBRARIES = YES;
				BUNDLE_LOADER = "$(TEST_HOST)";
				CODE_SIGN_STYLE = Automatic;
				CURRENT_PROJECT_VERSION = 1;
				DEVELOPMENT_TEAM = VHNQM2U5QT;
				GENERATE_INFOPLIST_FILE = YES;
				IPHONEOS_DEPLOYMENT_TARGET = 15.0;
				MARKETING_VERSION = 1.0;
				PRODUCT_BUNDLE_IDENTIFIER = "com.trece.Movie-DB-AppTests";
				PRODUCT_NAME = "$(TARGET_NAME)";
				SWIFT_EMIT_LOC_STRINGS = NO;
				SWIFT_VERSION = 5.0;
				TARGETED_DEVICE_FAMILY = "1,2";
				TEST_HOST = "$(BUILT_PRODUCTS_DIR)/Movie DB App.app/$(BUNDLE_EXECUTABLE_FOLDER_PATH)/Movie DB App";
			};
			name = Release;
		};
/* End XCBuildConfiguration section */

/* Begin XCConfigurationList section */
		605656A32B35C48B00FA1FED /* Build configuration list for PBXProject "Movie DB App" */ = {
			isa = XCConfigurationList;
			buildConfigurations = (
				605656D02B35C48F00FA1FED /* Debug */,
				605656D12B35C48F00FA1FED /* Release */,
			);
			defaultConfigurationIsVisible = 0;
			defaultConfigurationName = Release;
		};
		605656D22B35C48F00FA1FED /* Build configuration list for PBXNativeTarget "Movie DB App" */ = {
			isa = XCConfigurationList;
			buildConfigurations = (
				605656D32B35C48F00FA1FED /* Debug */,
				605656D42B35C48F00FA1FED /* Release */,
			);
			defaultConfigurationIsVisible = 0;
			defaultConfigurationName = Release;
		};
		605656D52B35C48F00FA1FED /* Build configuration list for PBXNativeTarget "Movie DB AppTests" */ = {
			isa = XCConfigurationList;
			buildConfigurations = (
				605656D62B35C48F00FA1FED /* Debug */,
				605656D72B35C48F00FA1FED /* Release */,
			);
			defaultConfigurationIsVisible = 0;
			defaultConfigurationName = Release;
		};
/* End XCConfigurationList section */
	};
	rootObject = 605656A02B35C48B00FA1FED /* Project object */;
}
